
Microsoft Visual Studio Solution File, Format Version 12.00
# Visual Studio 14
VisualStudioVersion = 14.0.25420.1
MinimumVisualStudioVersion = 10.0.40219.1
Project("{FAE04EC0-301F-11D3-BF4B-00C04F79EFBC}") = "App1.Android", "App1\App1.Android\App1.Android.csproj", "{760F62FB-A364-4D85-B8CC-5AA6894655B8}"
EndProject
Project("{FAE04EC0-301F-11D3-BF4B-00C04F79EFBC}") = "App1", "App1\App1\App1.csproj", "{EB5F5AC7-217D-43F8-9583-BE01D0B6F2BF}"
EndProject
Project("{FAE04EC0-301F-11D3-BF4B-00C04F79EFBC}") = "App1.iOS", "App1\App1.iOS\App1.iOS.csproj", "{8848C6EE-535F-4C8E-90D5-E1D9A8B121E2}"
EndProject
Global
	GlobalSection(SolutionConfigurationPlatforms) = preSolution
		Ad-Hoc|Any CPU = Ad-Hoc|Any CPU
		Ad-Hoc|iPhone = Ad-Hoc|iPhone
		Ad-Hoc|iPhoneSimulator = Ad-Hoc|iPhoneSimulator
		AppStore|Any CPU = AppStore|Any CPU
		AppStore|iPhone = AppStore|iPhone
		AppStore|iPhoneSimulator = AppStore|iPhoneSimulator
		Debug|Any CPU = Debug|Any CPU
		Debug|iPhone = Debug|iPhone
		Debug|iPhoneSimulator = Debug|iPhoneSimulator
		Release|Any CPU = Release|Any CPU
		Release|iPhone = Release|iPhone
		Release|iPhoneSimulator = Release|iPhoneSimulator
	EndGlobalSection
	GlobalSection(ProjectConfigurationPlatforms) = postSolution
		{760F62FB-A364-4D85-B8CC-5AA6894655B8}.Ad-Hoc|Any CPU.ActiveCfg = Release|Any CPU
		{760F62FB-A364-4D85-B8CC-5AA6894655B8}.Ad-Hoc|Any CPU.Build.0 = Release|Any CPU
		{760F62FB-A364-4D85-B8CC-5AA6894655B8}.Ad-Hoc|Any CPU.Deploy.0 = Release|Any CPU
		{760F62FB-A364-4D85-B8CC-5AA6894655B8}.Ad-Hoc|iPhone.ActiveCfg = Release|Any CPU
		{760F62FB-A364-4D85-B8CC-5AA6894655B8}.Ad-Hoc|iPhone.Build.0 = Release|Any CPU
		{760F62FB-A364-4D85-B8CC-5AA6894655B8}.Ad-Hoc|iPhone.Deploy.0 = Release|Any CPU
		{760F62FB-A364-4D85-B8CC-5AA6894655B8}.Ad-Hoc|iPhoneSimulator.ActiveCfg = Release|Any CPU
		{760F62FB-A364-4D85-B8CC-5AA6894655B8}.Ad-Hoc|iPhoneSimulator.Build.0 = Release|Any CPU
		{760F62FB-A364-4D85-B8CC-5AA6894655B8}.Ad-Hoc|iPhoneSimulator.Deploy.0 = Release|Any CPU
		{760F62FB-A364-4D85-B8CC-5AA6894655B8}.AppStore|Any CPU.ActiveCfg = Release|Any CPU
		{760F62FB-A364-4D85-B8CC-5AA6894655B8}.AppStore|Any CPU.Build.0 = Release|Any CPU
		{760F62FB-A364-4D85-B8CC-5AA6894655B8}.AppStore|Any CPU.Deploy.0 = Release|Any CPU
		{760F62FB-A364-4D85-B8CC-5AA6894655B8}.AppStore|iPhone.ActiveCfg = Release|Any CPU
		{760F62FB-A364-4D85-B8CC-5AA6894655B8}.AppStore|iPhone.Build.0 = Release|Any CPU
		{760F62FB-A364-4D85-B8CC-5AA6894655B8}.AppStore|iPhone.Deploy.0 = Release|Any CPU
		{760F62FB-A364-4D85-B8CC-5AA6894655B8}.AppStore|iPhoneSimulator.ActiveCfg = Release|Any CPU
		{760F62FB-A364-4D85-B8CC-5AA6894655B8}.AppStore|iPhoneSimulator.Build.0 = Release|Any CPU
		{760F62FB-A364-4D85-B8CC-5AA6894655B8}.AppStore|iPhoneSimulator.Deploy.0 = Release|Any CPU
		{760F62FB-A364-4D85-B8CC-5AA6894655B8}.Debug|Any CPU.ActiveCfg = Debug|Any CPU
		{760F62FB-A364-4D85-B8CC-5AA6894655B8}.Debug|Any CPU.Build.0 = Debug|Any CPU
		{760F62FB-A364-4D85-B8CC-5AA6894655B8}.Debug|Any CPU.Deploy.0 = Debug|Any CPU
		{760F62FB-A364-4D85-B8CC-5AA6894655B8}.Debug|iPhone.ActiveCfg = Debug|Any CPU
		{760F62FB-A364-4D85-B8CC-5AA6894655B8}.Debug|iPhone.Build.0 = Debug|Any CPU
		{760F62FB-A364-4D85-B8CC-5AA6894655B8}.Debug|iPhone.Deploy.0 = Debug|Any CPU
		{760F62FB-A364-4D85-B8CC-5AA6894655B8}.Debug|iPhoneSimulator.ActiveCfg = Debug|Any CPU
		{760F62FB-A364-4D85-B8CC-5AA6894655B8}.Debug|iPhoneSimulator.Build.0 = Debug|Any CPU
		{760F62FB-A364-4D85-B8CC-5AA6894655B8}.Debug|iPhoneSimulator.Deploy.0 = Debug|Any CPU
		{760F62FB-A364-4D85-B8CC-5AA6894655B8}.Release|Any CPU.ActiveCfg = Release|Any CPU
		{760F62FB-A364-4D85-B8CC-5AA6894655B8}.Release|Any CPU.Build.0 = Release|Any CPU
		{760F62FB-A364-4D85-B8CC-5AA6894655B8}.Release|Any CPU.Deploy.0 = Release|Any CPU
		{760F62FB-A364-4D85-B8CC-5AA6894655B8}.Release|iPhone.ActiveCfg = Release|Any CPU
		{760F62FB-A364-4D85-B8CC-5AA6894655B8}.Release|iPhone.Build.0 = Release|Any CPU
		{760F62FB-A364-4D85-B8CC-5AA6894655B8}.Release|iPhone.Deploy.0 = Release|Any CPU
		{760F62FB-A364-4D85-B8CC-5AA6894655B8}.Release|iPhoneSimulator.ActiveCfg = Release|Any CPU
		{760F62FB-A364-4D85-B8CC-5AA6894655B8}.Release|iPhoneSimulator.Build.0 = Release|Any CPU
		{760F62FB-A364-4D85-B8CC-5AA6894655B8}.Release|iPhoneSimulator.Deploy.0 = Release|Any CPU
		{EB5F5AC7-217D-43F8-9583-BE01D0B6F2BF}.Ad-Hoc|Any CPU.ActiveCfg = Release|Any CPU
		{EB5F5AC7-217D-43F8-9583-BE01D0B6F2BF}.Ad-Hoc|Any CPU.Build.0 = Release|Any CPU
		{EB5F5AC7-217D-43F8-9583-BE01D0B6F2BF}.Ad-Hoc|Any CPU.Deploy.0 = Release|Any CPU
		{EB5F5AC7-217D-43F8-9583-BE01D0B6F2BF}.Ad-Hoc|iPhone.ActiveCfg = Release|Any CPU
		{EB5F5AC7-217D-43F8-9583-BE01D0B6F2BF}.Ad-Hoc|iPhone.Build.0 = Release|Any CPU
		{EB5F5AC7-217D-43F8-9583-BE01D0B6F2BF}.Ad-Hoc|iPhone.Deploy.0 = Release|Any CPU
		{EB5F5AC7-217D-43F8-9583-BE01D0B6F2BF}.Ad-Hoc|iPhoneSimulator.ActiveCfg = Release|Any CPU
		{EB5F5AC7-217D-43F8-9583-BE01D0B6F2BF}.Ad-Hoc|iPhoneSimulator.Build.0 = Release|Any CPU
		{EB5F5AC7-217D-43F8-9583-BE01D0B6F2BF}.Ad-Hoc|iPhoneSimulator.Deploy.0 = Release|Any CPU
		{EB5F5AC7-217D-43F8-9583-BE01D0B6F2BF}.AppStore|Any CPU.ActiveCfg = Release|Any CPU
		{EB5F5AC7-217D-43F8-9583-BE01D0B6F2BF}.AppStore|Any CPU.Build.0 = Release|Any CPU
		{EB5F5AC7-217D-43F8-9583-BE01D0B6F2BF}.AppStore|Any CPU.Deploy.0 = Release|Any CPU
		{EB5F5AC7-217D-43F8-9583-BE01D0B6F2BF}.AppStore|iPhone.ActiveCfg = Release|Any CPU
		{EB5F5AC7-217D-43F8-9583-BE01D0B6F2BF}.AppStore|iPhone.Build.0 = Release|Any CPU
		{EB5F5AC7-217D-43F8-9583-BE01D0B6F2BF}.AppStore|iPhone.Deploy.0 = Release|Any CPU
		{EB5F5AC7-217D-43F8-9583-BE01D0B6F2BF}.AppStore|iPhoneSimulator.ActiveCfg = Release|Any CPU
		{EB5F5AC7-217D-43F8-9583-BE01D0B6F2BF}.AppStore|iPhoneSimulator.Build.0 = Release|Any CPU
		{EB5F5AC7-217D-43F8-9583-BE01D0B6F2BF}.AppStore|iPhoneSimulator.Deploy.0 = Release|Any CPU
		{EB5F5AC7-217D-43F8-9583-BE01D0B6F2BF}.Debug|Any CPU.ActiveCfg = Debug|Any CPU
		{EB5F5AC7-217D-43F8-9583-BE01D0B6F2BF}.Debug|Any CPU.Build.0 = Debug|Any CPU
		{EB5F5AC7-217D-43F8-9583-BE01D0B6F2BF}.Debug|Any CPU.Deploy.0 = Debug|Any CPU
		{EB5F5AC7-217D-43F8-9583-BE01D0B6F2BF}.Debug|iPhone.ActiveCfg = Debug|Any CPU
		{EB5F5AC7-217D-43F8-9583-BE01D0B6F2BF}.Debug|iPhone.Build.0 = Debug|Any CPU
		{EB5F5AC7-217D-43F8-9583-BE01D0B6F2BF}.Debug|iPhone.Deploy.0 = Debug|Any CPU
		{EB5F5AC7-217D-43F8-9583-BE01D0B6F2BF}.Debug|iPhoneSimulator.ActiveCfg = Debug|Any CPU
		{EB5F5AC7-217D-43F8-9583-BE01D0B6F2BF}.Debug|iPhoneSimulator.Build.0 = Debug|Any CPU
		{EB5F5AC7-217D-43F8-9583-BE01D0B6F2BF}.Debug|iPhoneSimulator.Deploy.0 = Debug|Any CPU
		{EB5F5AC7-217D-43F8-9583-BE01D0B6F2BF}.Release|Any CPU.ActiveCfg = Release|Any CPU
		{EB5F5AC7-217D-43F8-9583-BE01D0B6F2BF}.Release|Any CPU.Build.0 = Release|Any CPU
		{EB5F5AC7-217D-43F8-9583-BE01D0B6F2BF}.Release|Any CPU.Deploy.0 = Release|Any CPU
		{EB5F5AC7-217D-43F8-9583-BE01D0B6F2BF}.Release|iPhone.ActiveCfg = Release|Any CPU
		{EB5F5AC7-217D-43F8-9583-BE01D0B6F2BF}.Release|iPhone.Build.0 = Release|Any CPU
		{EB5F5AC7-217D-43F8-9583-BE01D0B6F2BF}.Release|iPhone.Deploy.0 = Release|Any CPU
		{EB5F5AC7-217D-43F8-9583-BE01D0B6F2BF}.Release|iPhoneSimulator.ActiveCfg = Release|Any CPU
		{EB5F5AC7-217D-43F8-9583-BE01D0B6F2BF}.Release|iPhoneSimulator.Build.0 = Release|Any CPU
		{EB5F5AC7-217D-43F8-9583-BE01D0B6F2BF}.Release|iPhoneSimulator.Deploy.0 = Release|Any CPU
		{8848C6EE-535F-4C8E-90D5-E1D9A8B121E2}.Ad-Hoc|Any CPU.ActiveCfg = Ad-Hoc|iPhone
		{8848C6EE-535F-4C8E-90D5-E1D9A8B121E2}.Ad-Hoc|Any CPU.Build.0 = Ad-Hoc|iPhone
		{8848C6EE-535F-4C8E-90D5-E1D9A8B121E2}.Ad-Hoc|Any CPU.Deploy.0 = Ad-Hoc|iPhone
		{8848C6EE-535F-4C8E-90D5-E1D9A8B121E2}.Ad-Hoc|iPhone.ActiveCfg = Ad-Hoc|iPhone
		{8848C6EE-535F-4C8E-90D5-E1D9A8B121E2}.Ad-Hoc|iPhone.Build.0 = Ad-Hoc|iPhone
		{8848C6EE-535F-4C8E-90D5-E1D9A8B121E2}.Ad-Hoc|iPhone.Deploy.0 = Ad-Hoc|iPhone
		{8848C6EE-535F-4C8E-90D5-E1D9A8B121E2}.Ad-Hoc|iPhoneSimulator.ActiveCfg = Ad-Hoc|iPhoneSimulator
		{8848C6EE-535F-4C8E-90D5-E1D9A8B121E2}.Ad-Hoc|iPhoneSimulator.Build.0 = Ad-Hoc|iPhoneSimulator
		{8848C6EE-535F-4C8E-90D5-E1D9A8B121E2}.Ad-Hoc|iPhoneSimulator.Deploy.0 = Ad-Hoc|iPhoneSimulator
		{8848C6EE-535F-4C8E-90D5-E1D9A8B121E2}.AppStore|Any CPU.ActiveCfg = AppStore|iPhone
		{8848C6EE-535F-4C8E-90D5-E1D9A8B121E2}.AppStore|Any CPU.Build.0 = AppStore|iPhone
		{8848C6EE-535F-4C8E-90D5-E1D9A8B121E2}.AppStore|Any CPU.Deploy.0 = AppStore|iPhone
		{8848C6EE-535F-4C8E-90D5-E1D9A8B121E2}.AppStore|iPhone.ActiveCfg = AppStore|iPhone
		{8848C6EE-535F-4C8E-90D5-E1D9A8B121E2}.AppStore|iPhone.Build.0 = AppStore|iPhone
		{8848C6EE-535F-4C8E-90D5-E1D9A8B121E2}.AppStore|iPhone.Deploy.0 = AppStore|iPhone
		{8848C6EE-535F-4C8E-90D5-E1D9A8B121E2}.AppStore|iPhoneSimulator.ActiveCfg = AppStore|iPhoneSimulator
		{8848C6EE-535F-4C8E-90D5-E1D9A8B121E2}.AppStore|iPhoneSimulator.Build.0 = AppStore|iPhoneSimulator
		{8848C6EE-535F-4C8E-90D5-E1D9A8B121E2}.AppStore|iPhoneSimulator.Deploy.0 = AppStore|iPhoneSimulator
		{8848C6EE-535F-4C8E-90D5-E1D9A8B121E2}.Debug|Any CPU.ActiveCfg = Debug|iPhoneSimulator
		{8848C6EE-535F-4C8E-90D5-E1D9A8B121E2}.Debug|Any CPU.Build.0 = Debug|iPhoneSimulator
		{8848C6EE-535F-4C8E-90D5-E1D9A8B121E2}.Debug|Any CPU.Deploy.0 = Debug|iPhoneSimulator
		{8848C6EE-535F-4C8E-90D5-E1D9A8B121E2}.Debug|iPhone.ActiveCfg = Debug|iPhone
		{8848C6EE-535F-4C8E-90D5-E1D9A8B121E2}.Debug|iPhone.Build.0 = Debug|iPhone
		{8848C6EE-535F-4C8E-90D5-E1D9A8B121E2}.Debug|iPhone.Deploy.0 = Debug|iPhone
		{8848C6EE-535F-4C8E-90D5-E1D9A8B121E2}.Debug|iPhoneSimulator.ActiveCfg = Debug|iPhoneSimulator
		{8848C6EE-535F-4C8E-90D5-E1D9A8B121E2}.Debug|iPhoneSimulator.Build.0 = Debug|iPhoneSimulator
		{8848C6EE-535F-4C8E-90D5-E1D9A8B121E2}.Debug|iPhoneSimulator.Deploy.0 = Debug|iPhoneSimulator
		{8848C6EE-535F-4C8E-90D5-E1D9A8B121E2}.Release|Any CPU.ActiveCfg = Release|iPhone
		{8848C6EE-535F-4C8E-90D5-E1D9A8B121E2}.Release|Any CPU.Build.0 = Release|iPhone
		{8848C6EE-535F-4C8E-90D5-E1D9A8B121E2}.Release|Any CPU.Deploy.0 = Release|iPhone
		{8848C6EE-535F-4C8E-90D5-E1D9A8B121E2}.Release|iPhone.ActiveCfg = Release|iPhone
		{8848C6EE-535F-4C8E-90D5-E1D9A8B121E2}.Release|iPhone.Build.0 = Release|iPhone
		{8848C6EE-535F-4C8E-90D5-E1D9A8B121E2}.Release|iPhone.Deploy.0 = Release|iPhone
		{8848C6EE-535F-4C8E-90D5-E1D9A8B121E2}.Release|iPhoneSimulator.ActiveCfg = Release|iPhoneSimulator
		{8848C6EE-535F-4C8E-90D5-E1D9A8B121E2}.Release|iPhoneSimulator.Build.0 = Release|iPhoneSimulator
		{8848C6EE-535F-4C8E-90D5-E1D9A8B121E2}.Release|iPhoneSimulator.Deploy.0 = Release|iPhoneSimulator
	EndGlobalSection
	GlobalSection(SolutionProperties) = preSolution
		HideSolutionNode = FALSE
	EndGlobalSection
EndGlobal
